
Microsoft Visual Studio Solution File, Format Version 12.00
# Visual Studio 14
VisualStudioVersion = 14.0.23107.0
MinimumVisualStudioVersion = 10.0.40219.1
Project("{FAE04EC0-301F-11D3-BF4B-00C04F79EFBC}") = "Logic", "logic\Logic.csproj", "{2766C620-7337-42D9-8C9A-E81C27A40CAA}"
EndProject
Project("{FAE04EC0-301F-11D3-BF4B-00C04F79EFBC}") = "Termanal", "termanal\Termanal.csproj", "{DD409B98-2090-4786-8A03-565E21781A95}"
EndProject
Project("{FAE04EC0-301F-11D3-BF4B-00C04F79EFBC}") = "LogicTests", "LogicTests\LogicTests.csproj", "{489937E4-379C-4F9F-883E-6C081B707ED2}"
EndProject
Global
	GlobalSection(SolutionConfigurationPlatforms) = preSolution
		Debug|Any CPU = Debug|Any CPU
		Release|Any CPU = Release|Any CPU
	EndGlobalSection
	GlobalSection(ProjectConfigurationPlatforms) = postSolution
		{2766C620-7337-42D9-8C9A-E81C27A40CAA}.Debug|Any CPU.ActiveCfg = Debug|Any CPU
		{2766C620-7337-42D9-8C9A-E81C27A40CAA}.Debug|Any CPU.Build.0 = Debug|Any CPU
		{2766C620-7337-42D9-8C9A-E81C27A40CAA}.Release|Any CPU.ActiveCfg = Release|Any CPU
		{2766C620-7337-42D9-8C9A-E81C27A40CAA}.Release|Any CPU.Build.0 = Release|Any CPU
		{DD409B98-2090-4786-8A03-565E21781A95}.Debug|Any CPU.ActiveCfg = Debug|Any CPU
		{DD409B98-2090-4786-8A03-565E21781A95}.Debug|Any CPU.Build.0 = Debug|Any CPU
		{DD409B98-2090-4786-8A03-565E21781A95}.Release|Any CPU.ActiveCfg = Release|Any CPU
		{DD409B98-2090-4786-8A03-565E21781A95}.Release|Any CPU.Build.0 = Release|Any CPU
		{489937E4-379C-4F9F-883E-6C081B707ED2}.Debug|Any CPU.ActiveCfg = Debug|Any CPU
		{489937E4-379C-4F9F-883E-6C081B707ED2}.Debug|Any CPU.Build.0 = Debug|Any CPU
		{489937E4-379C-4F9F-883E-6C081B707ED2}.Release|Any CPU.ActiveCfg = Release|Any CPU
		{489937E4-379C-4F9F-883E-6C081B707ED2}.Release|Any CPU.Build.0 = Release|Any CPU
	EndGlobalSection
	GlobalSection(SolutionProperties) = preSolution
		HideSolutionNode = FALSE
	EndGlobalSection
EndGlobal
